
Microsoft Visual Studio Solution File, Format Version 12.00
# Visual Studio 14
VisualStudioVersion = 14.0.25420.1
MinimumVisualStudioVersion = 10.0.40219.1
Project("{FAE04EC0-301F-11D3-BF4B-00C04F79EFBC}") = "TestProjectName", "TestProjectName\TestProjectName.csproj", "{AD14FA02-F527-4A21-AB71-6778E7CA1141}"
EndProject
Project("{FAE04EC0-301F-11D3-BF4B-00C04F79EFBC}") = "TestVariable", "TestVariable\TestVariable.csproj", "{B66AECD8-A33D-443F-BBB6-B533C68C849C}"
EndProject
Project("{FAE04EC0-301F-11D3-BF4B-00C04F79EFBC}") = "OprationDemo", "OprationDemo\OprationDemo.csproj", "{27DA07D1-1A9E-4780-986D-7BD4A35EAA85}"
EndProject
Project("{FAE04EC0-301F-11D3-BF4B-00C04F79EFBC}") = "ForeachDemo", "ForeachDemo\ForeachDemo.csproj", "{23805588-FE41-445E-9F9C-0E74C4D9D5B6}"
EndProject
Project("{FAE04EC0-301F-11D3-BF4B-00C04F79EFBC}") = "GetKeyBoardInfoDemo", "GetKeyBoardInfoDemo\GetKeyBoardInfoDemo.csproj", "{7EB5BFD4-CDC7-46A4-9B11-582573E8BF9A}"
EndProject
Project("{FAE04EC0-301F-11D3-BF4B-00C04F79EFBC}") = "FunctionDemo", "FunctionDemo\FunctionDemo.csproj", "{74D45A4E-6463-42A1-8CF6-C07405EE3918}"
EndProject
Project("{FAE04EC0-301F-11D3-BF4B-00C04F79EFBC}") = "ShowPicDemo", "ShowPicDemo\ShowPicDemo.csproj", "{11F033F4-AE03-4E75-AF55-92088F440519}"
EndProject
Project("{FAE04EC0-301F-11D3-BF4B-00C04F79EFBC}") = "RecursiveDemo", "RecursiveDemo\RecursiveDemo.csproj", "{DC8AAE95-96A8-4A2E-81BE-5DEB4DB0BF17}"
EndProject
Project("{FAE04EC0-301F-11D3-BF4B-00C04F79EFBC}") = "BigIntDemo", "BigIntDemo\BigIntDemo.csproj", "{583B2113-F077-43B5-A430-8CF9CF965BCC}"
EndProject
Project("{FAE04EC0-301F-11D3-BF4B-00C04F79EFBC}") = "TimerDemo", "TimerDemo\TimerDemo.csproj", "{1648620F-9846-4CED-8B63-485EF77D81AB}"
EndProject
Project("{FAE04EC0-301F-11D3-BF4B-00C04F79EFBC}") = "ContainerDemo", "ContainerDemo\ContainerDemo.csproj", "{18728464-C061-4640-8F5C-392B5112EC2E}"
EndProject
Project("{FAE04EC0-301F-11D3-BF4B-00C04F79EFBC}") = "CSharpClassDemo", "CSharpClassDemo\CSharpClassDemo.csproj", "{3E5F4808-0BDB-4499-B207-F71EC50EF3B0}"
EndProject
Project("{FAE04EC0-301F-11D3-BF4B-00C04F79EFBC}") = "EqualsDemo", "EqualsDemo\EqualsDemo.csproj", "{03772738-C299-4A9E-BA74-D49F299C4A0D}"
EndProject
Project("{FAE04EC0-301F-11D3-BF4B-00C04F79EFBC}") = "ReadOnlyDemo", "ReadOnlyDemo\ReadOnlyDemo.csproj", "{08831E1A-7BB0-48E5-99C8-08846F7B7E8C}"
EndProject
Project("{FAE04EC0-301F-11D3-BF4B-00C04F79EFBC}") = "ArrayDemo", "ArrayDemo\ArrayDemo.csproj", "{2F759964-BCD9-4B09-932D-2BAEB9FE3D14}"
EndProject
Project("{FAE04EC0-301F-11D3-BF4B-00C04F79EFBC}") = "InheritsDemo", "InheritsDemo\InheritsDemo.csproj", "{758C0CD2-86FD-42E7-8217-6E1E57447792}"
EndProject
Project("{FAE04EC0-301F-11D3-BF4B-00C04F79EFBC}") = "OverloadDemo", "OverloadDemo\OverloadDemo.csproj", "{567E06DD-AACB-4D3F-BE5C-0E64849719C0}"
EndProject
Global
	GlobalSection(SolutionConfigurationPlatforms) = preSolution
		Debug|Any CPU = Debug|Any CPU
		Release|Any CPU = Release|Any CPU
	EndGlobalSection
	GlobalSection(ProjectConfigurationPlatforms) = postSolution
		{AD14FA02-F527-4A21-AB71-6778E7CA1141}.Debug|Any CPU.ActiveCfg = Debug|Any CPU
		{AD14FA02-F527-4A21-AB71-6778E7CA1141}.Debug|Any CPU.Build.0 = Debug|Any CPU
		{AD14FA02-F527-4A21-AB71-6778E7CA1141}.Release|Any CPU.ActiveCfg = Release|Any CPU
		{AD14FA02-F527-4A21-AB71-6778E7CA1141}.Release|Any CPU.Build.0 = Release|Any CPU
		{B66AECD8-A33D-443F-BBB6-B533C68C849C}.Debug|Any CPU.ActiveCfg = Debug|Any CPU
		{B66AECD8-A33D-443F-BBB6-B533C68C849C}.Debug|Any CPU.Build.0 = Debug|Any CPU
		{B66AECD8-A33D-443F-BBB6-B533C68C849C}.Release|Any CPU.ActiveCfg = Release|Any CPU
		{B66AECD8-A33D-443F-BBB6-B533C68C849C}.Release|Any CPU.Build.0 = Release|Any CPU
		{27DA07D1-1A9E-4780-986D-7BD4A35EAA85}.Debug|Any CPU.ActiveCfg = Debug|Any CPU
		{27DA07D1-1A9E-4780-986D-7BD4A35EAA85}.Debug|Any CPU.Build.0 = Debug|Any CPU
		{27DA07D1-1A9E-4780-986D-7BD4A35EAA85}.Release|Any CPU.ActiveCfg = Release|Any CPU
		{27DA07D1-1A9E-4780-986D-7BD4A35EAA85}.Release|Any CPU.Build.0 = Release|Any CPU
		{23805588-FE41-445E-9F9C-0E74C4D9D5B6}.Debug|Any CPU.ActiveCfg = Debug|Any CPU
		{23805588-FE41-445E-9F9C-0E74C4D9D5B6}.Debug|Any CPU.Build.0 = Debug|Any CPU
		{23805588-FE41-445E-9F9C-0E74C4D9D5B6}.Release|Any CPU.ActiveCfg = Release|Any CPU
		{23805588-FE41-445E-9F9C-0E74C4D9D5B6}.Release|Any CPU.Build.0 = Release|Any CPU
		{7EB5BFD4-CDC7-46A4-9B11-582573E8BF9A}.Debug|Any CPU.ActiveCfg = Debug|Any CPU
		{7EB5BFD4-CDC7-46A4-9B11-582573E8BF9A}.Debug|Any CPU.Build.0 = Debug|Any CPU
		{7EB5BFD4-CDC7-46A4-9B11-582573E8BF9A}.Release|Any CPU.ActiveCfg = Release|Any CPU
		{7EB5BFD4-CDC7-46A4-9B11-582573E8BF9A}.Release|Any CPU.Build.0 = Release|Any CPU
		{74D45A4E-6463-42A1-8CF6-C07405EE3918}.Debug|Any CPU.ActiveCfg = Debug|Any CPU
		{74D45A4E-6463-42A1-8CF6-C07405EE3918}.Debug|Any CPU.Build.0 = Debug|Any CPU
		{74D45A4E-6463-42A1-8CF6-C07405EE3918}.Release|Any CPU.ActiveCfg = Release|Any CPU
		{74D45A4E-6463-42A1-8CF6-C07405EE3918}.Release|Any CPU.Build.0 = Release|Any CPU
		{11F033F4-AE03-4E75-AF55-92088F440519}.Debug|Any CPU.ActiveCfg = Debug|Any CPU
		{11F033F4-AE03-4E75-AF55-92088F440519}.Debug|Any CPU.Build.0 = Debug|Any CPU
		{11F033F4-AE03-4E75-AF55-92088F440519}.Release|Any CPU.ActiveCfg = Release|Any CPU
		{11F033F4-AE03-4E75-AF55-92088F440519}.Release|Any CPU.Build.0 = Release|Any CPU
		{DC8AAE95-96A8-4A2E-81BE-5DEB4DB0BF17}.Debug|Any CPU.ActiveCfg = Debug|Any CPU
		{DC8AAE95-96A8-4A2E-81BE-5DEB4DB0BF17}.Debug|Any CPU.Build.0 = Debug|Any CPU
		{DC8AAE95-96A8-4A2E-81BE-5DEB4DB0BF17}.Release|Any CPU.ActiveCfg = Release|Any CPU
		{DC8AAE95-96A8-4A2E-81BE-5DEB4DB0BF17}.Release|Any CPU.Build.0 = Release|Any CPU
		{583B2113-F077-43B5-A430-8CF9CF965BCC}.Debug|Any CPU.ActiveCfg = Debug|Any CPU
		{583B2113-F077-43B5-A430-8CF9CF965BCC}.Debug|Any CPU.Build.0 = Debug|Any CPU
		{583B2113-F077-43B5-A430-8CF9CF965BCC}.Release|Any CPU.ActiveCfg = Release|Any CPU
		{583B2113-F077-43B5-A430-8CF9CF965BCC}.Release|Any CPU.Build.0 = Release|Any CPU
		{1648620F-9846-4CED-8B63-485EF77D81AB}.Debug|Any CPU.ActiveCfg = Debug|Any CPU
		{1648620F-9846-4CED-8B63-485EF77D81AB}.Debug|Any CPU.Build.0 = Debug|Any CPU
		{1648620F-9846-4CED-8B63-485EF77D81AB}.Release|Any CPU.ActiveCfg = Release|Any CPU
		{1648620F-9846-4CED-8B63-485EF77D81AB}.Release|Any CPU.Build.0 = Release|Any CPU
		{18728464-C061-4640-8F5C-392B5112EC2E}.Debug|Any CPU.ActiveCfg = Debug|Any CPU
		{18728464-C061-4640-8F5C-392B5112EC2E}.Debug|Any CPU.Build.0 = Debug|Any CPU
		{18728464-C061-4640-8F5C-392B5112EC2E}.Release|Any CPU.ActiveCfg = Release|Any CPU
		{18728464-C061-4640-8F5C-392B5112EC2E}.Release|Any CPU.Build.0 = Release|Any CPU
		{3E5F4808-0BDB-4499-B207-F71EC50EF3B0}.Debug|Any CPU.ActiveCfg = Debug|Any CPU
		{3E5F4808-0BDB-4499-B207-F71EC50EF3B0}.Debug|Any CPU.Build.0 = Debug|Any CPU
		{3E5F4808-0BDB-4499-B207-F71EC50EF3B0}.Release|Any CPU.ActiveCfg = Release|Any CPU
		{3E5F4808-0BDB-4499-B207-F71EC50EF3B0}.Release|Any CPU.Build.0 = Release|Any CPU
		{03772738-C299-4A9E-BA74-D49F299C4A0D}.Debug|Any CPU.ActiveCfg = Debug|Any CPU
		{03772738-C299-4A9E-BA74-D49F299C4A0D}.Debug|Any CPU.Build.0 = Debug|Any CPU
		{03772738-C299-4A9E-BA74-D49F299C4A0D}.Release|Any CPU.ActiveCfg = Release|Any CPU
		{03772738-C299-4A9E-BA74-D49F299C4A0D}.Release|Any CPU.Build.0 = Release|Any CPU
		{08831E1A-7BB0-48E5-99C8-08846F7B7E8C}.Debug|Any CPU.ActiveCfg = Debug|Any CPU
		{08831E1A-7BB0-48E5-99C8-08846F7B7E8C}.Debug|Any CPU.Build.0 = Debug|Any CPU
		{08831E1A-7BB0-48E5-99C8-08846F7B7E8C}.Release|Any CPU.ActiveCfg = Release|Any CPU
		{08831E1A-7BB0-48E5-99C8-08846F7B7E8C}.Release|Any CPU.Build.0 = Release|Any CPU
		{2F759964-BCD9-4B09-932D-2BAEB9FE3D14}.Debug|Any CPU.ActiveCfg = Debug|Any CPU
		{2F759964-BCD9-4B09-932D-2BAEB9FE3D14}.Debug|Any CPU.Build.0 = Debug|Any CPU
		{2F759964-BCD9-4B09-932D-2BAEB9FE3D14}.Release|Any CPU.ActiveCfg = Release|Any CPU
		{2F759964-BCD9-4B09-932D-2BAEB9FE3D14}.Release|Any CPU.Build.0 = Release|Any CPU
		{758C0CD2-86FD-42E7-8217-6E1E57447792}.Debug|Any CPU.ActiveCfg = Debug|Any CPU
		{758C0CD2-86FD-42E7-8217-6E1E57447792}.Debug|Any CPU.Build.0 = Debug|Any CPU
		{758C0CD2-86FD-42E7-8217-6E1E57447792}.Release|Any CPU.ActiveCfg = Release|Any CPU
		{758C0CD2-86FD-42E7-8217-6E1E57447792}.Release|Any CPU.Build.0 = Release|Any CPU
		{567E06DD-AACB-4D3F-BE5C-0E64849719C0}.Debug|Any CPU.ActiveCfg = Debug|Any CPU
		{567E06DD-AACB-4D3F-BE5C-0E64849719C0}.Debug|Any CPU.Build.0 = Debug|Any CPU
		{567E06DD-AACB-4D3F-BE5C-0E64849719C0}.Release|Any CPU.ActiveCfg = Release|Any CPU
		{567E06DD-AACB-4D3F-BE5C-0E64849719C0}.Release|Any CPU.Build.0 = Release|Any CPU
	EndGlobalSection
	GlobalSection(SolutionProperties) = preSolution
		HideSolutionNode = FALSE
	EndGlobalSection
EndGlobal
